
Microsoft Visual Studio Solution File, Format Version 12.00
# Visual Studio Version 17
VisualStudioVersion = 17.4.33403.182
MinimumVisualStudioVersion = 10.0.40219.1
Project("{FAE04EC0-301F-11D3-BF4B-00C04F79EFBC}") = "EStore-ProductService", "EStore-ProductService\EStore-ProductService.csproj", "{C465183C-81B0-49E1-9CFC-8EA057482BA2}"
EndProject
Global
	GlobalSection(SolutionConfigurationPlatforms) = preSolution
		Debug|Any CPU = Debug|Any CPU
		Release|Any CPU = Release|Any CPU
	EndGlobalSection
	GlobalSection(ProjectConfigurationPlatforms) = postSolution
		{C465183C-81B0-49E1-9CFC-8EA057482BA2}.Debug|Any CPU.ActiveCfg = Debug|Any CPU
		{C465183C-81B0-49E1-9CFC-8EA057482BA2}.Debug|Any CPU.Build.0 = Debug|Any CPU
		{C465183C-81B0-49E1-9CFC-8EA057482BA2}.Release|Any CPU.ActiveCfg = Release|Any CPU
		{C465183C-81B0-49E1-9CFC-8EA057482BA2}.Release|Any CPU.Build.0 = Release|Any CPU
	EndGlobalSection
	GlobalSection(SolutionProperties) = preSolution
		HideSolutionNode = FALSE
	EndGlobalSection
	GlobalSection(ExtensibilityGlobals) = postSolution
		SolutionGuid = {01D2EADE-38D4-4207-8B55-2A5581F2F139}
	EndGlobalSection
EndGlobal
